
Microsoft Visual Studio Solution File, Format Version 12.00
# Visual Studio Version 16
VisualStudioVersion = 16.0.32602.291
MinimumVisualStudioVersion = 10.0.40219.1
Project("{9A19103F-16F7-4668-BE54-9A1E7A4F7556}") = "JenkinsApp", "JenkinsApp\JenkinsApp.csproj", "{FCDFAC90-3393-4E09-A65F-5E7B4782F317}"
EndProject
Project("{9A19103F-16F7-4668-BE54-9A1E7A4F7556}") = "MyMth", "..\MyMath\MyMth\MyMth.csproj", "{8FEA6830-EB7F-4197-B881-F45F781CB18F}"
EndProject
Global
	GlobalSection(SolutionConfigurationPlatforms) = preSolution
		Debug|Any CPU = Debug|Any CPU
		Release|Any CPU = Release|Any CPU
	EndGlobalSection
	GlobalSection(ProjectConfigurationPlatforms) = postSolution
		{FCDFAC90-3393-4E09-A65F-5E7B4782F317}.Debug|Any CPU.ActiveCfg = Debug|Any CPU
		{FCDFAC90-3393-4E09-A65F-5E7B4782F317}.Debug|Any CPU.Build.0 = Debug|Any CPU
		{FCDFAC90-3393-4E09-A65F-5E7B4782F317}.Release|Any CPU.ActiveCfg = Release|Any CPU
		{FCDFAC90-3393-4E09-A65F-5E7B4782F317}.Release|Any CPU.Build.0 = Release|Any CPU
		{8FEA6830-EB7F-4197-B881-F45F781CB18F}.Debug|Any CPU.ActiveCfg = Debug|Any CPU
		{8FEA6830-EB7F-4197-B881-F45F781CB18F}.Debug|Any CPU.Build.0 = Debug|Any CPU
		{8FEA6830-EB7F-4197-B881-F45F781CB18F}.Release|Any CPU.ActiveCfg = Release|Any CPU
		{8FEA6830-EB7F-4197-B881-F45F781CB18F}.Release|Any CPU.Build.0 = Release|Any CPU
	EndGlobalSection
	GlobalSection(SolutionProperties) = preSolution
		HideSolutionNode = FALSE
	EndGlobalSection
	GlobalSection(ExtensibilityGlobals) = postSolution
		SolutionGuid = {573053CD-FDE7-495C-8CD2-7E4F3611303B}
	EndGlobalSection
EndGlobal
